
Microsoft Visual Studio Solution File, Format Version 12.00
# Visual Studio 15
VisualStudioVersion = 15.0.28307.489
MinimumVisualStudioVersion = 10.0.40219.1
Project("{9A19103F-16F7-4668-BE54-9A1E7A4F7556}") = "EjercicioRestaurante.Consola", "EjercicioRestaurante.Consola\EjercicioRestaurante.Consola.csproj", "{D93554A0-98B4-40D2-84F4-2AD63C36FEE0}"
EndProject
Project("{9A19103F-16F7-4668-BE54-9A1E7A4F7556}") = "EjemploRestaurante.Biblioteca", "EjemploRestaurante.Biblioteca\EjemploRestaurante.Biblioteca.csproj", "{680F7382-4517-414E-9A20-BFDAE7E15D01}"
EndProject
Global
	GlobalSection(SolutionConfigurationPlatforms) = preSolution
		Debug|Any CPU = Debug|Any CPU
		Release|Any CPU = Release|Any CPU
	EndGlobalSection
	GlobalSection(ProjectConfigurationPlatforms) = postSolution
		{D93554A0-98B4-40D2-84F4-2AD63C36FEE0}.Debug|Any CPU.ActiveCfg = Debug|Any CPU
		{D93554A0-98B4-40D2-84F4-2AD63C36FEE0}.Debug|Any CPU.Build.0 = Debug|Any CPU
		{D93554A0-98B4-40D2-84F4-2AD63C36FEE0}.Release|Any CPU.ActiveCfg = Release|Any CPU
		{D93554A0-98B4-40D2-84F4-2AD63C36FEE0}.Release|Any CPU.Build.0 = Release|Any CPU
		{680F7382-4517-414E-9A20-BFDAE7E15D01}.Debug|Any CPU.ActiveCfg = Debug|Any CPU
		{680F7382-4517-414E-9A20-BFDAE7E15D01}.Debug|Any CPU.Build.0 = Debug|Any CPU
		{680F7382-4517-414E-9A20-BFDAE7E15D01}.Release|Any CPU.ActiveCfg = Release|Any CPU
		{680F7382-4517-414E-9A20-BFDAE7E15D01}.Release|Any CPU.Build.0 = Release|Any CPU
	EndGlobalSection
	GlobalSection(SolutionProperties) = preSolution
		HideSolutionNode = FALSE
	EndGlobalSection
	GlobalSection(ExtensibilityGlobals) = postSolution
		SolutionGuid = {F065A491-B351-4CB2-87AD-4C20C219A180}
	EndGlobalSection
EndGlobal
